
Microsoft Visual Studio Solution File, Format Version 12.00
# Visual Studio Version 17
VisualStudioVersion = 17.8.34511.84
MinimumVisualStudioVersion = 10.0.40219.1
Project("{FAE04EC0-301F-11D3-BF4B-00C04F79EFBC}") = "WebReport", "WebReport\WebReport.csproj", "{9DC990B7-1A96-49E1-8765-A99C0068587C}"
EndProject
Global
	GlobalSection(SolutionConfigurationPlatforms) = preSolution
		Debug|Any CPU = Debug|Any CPU
		Release|Any CPU = Release|Any CPU
	EndGlobalSection
	GlobalSection(ProjectConfigurationPlatforms) = postSolution
		{9DC990B7-1A96-49E1-8765-A99C0068587C}.Debug|Any CPU.ActiveCfg = Debug|Any CPU
		{9DC990B7-1A96-49E1-8765-A99C0068587C}.Debug|Any CPU.Build.0 = Debug|Any CPU
		{9DC990B7-1A96-49E1-8765-A99C0068587C}.Release|Any CPU.ActiveCfg = Release|Any CPU
		{9DC990B7-1A96-49E1-8765-A99C0068587C}.Release|Any CPU.Build.0 = Release|Any CPU
	EndGlobalSection
	GlobalSection(SolutionProperties) = preSolution
		HideSolutionNode = FALSE
	EndGlobalSection
	GlobalSection(ExtensibilityGlobals) = postSolution
		SolutionGuid = {BB276435-73EA-4229-9BAB-D43D3E422D19}
	EndGlobalSection
EndGlobal
